
Microsoft Visual Studio Solution File, Format Version 12.00
# Visual Studio Version 17
VisualStudioVersion = 17.14.36109.1 d17.14
MinimumVisualStudioVersion = 10.0.40219.1
Project("{FAE04EC0-301F-11D3-BF4B-00C04F79EFBC}") = "TVBroadcast.BLL", "TVBroadcast.BLL\TVBroadcast.BLL.csproj", "{5D5BB634-9687-4D4E-89D4-F299B825F231}"
EndProject
Project("{FAE04EC0-301F-11D3-BF4B-00C04F79EFBC}") = "TVBroadcast.DAL", "TVBroadcast.DAL\TVBroadcast.DAL.csproj", "{4C5B08B6-1BCA-46D9-A95A-736AC2DC32DD}"
EndProject
Project("{FAE04EC0-301F-11D3-BF4B-00C04F79EFBC}") = "TVBroadcast.Domain", "TVBroadcast.Domain\TVBroadcast.Domain.csproj", "{EAA92DC3-AB9F-461C-8132-A199CD252070}"
EndProject
Project("{FAE04EC0-301F-11D3-BF4B-00C04F79EFBC}") = "TVBroadcast.Web", "TVBroadcast.Web\TVBroadcast.Web.csproj", "{97EF4B9B-1F55-4F5B-973F-BFB896FA6536}"
EndProject
Project("{2150E333-8FDC-42A3-9474-1A3956D46DE8}") = "Solution Items", "Solution Items", "{8EC462FD-D22E-90A8-E5CE-7E832BA40C5D}"
	ProjectSection(SolutionItems) = preProject
		.gitignore = .gitignore
	EndProjectSection
EndProject
Global
	GlobalSection(SolutionConfigurationPlatforms) = preSolution
		Debug|Any CPU = Debug|Any CPU
		Release|Any CPU = Release|Any CPU
	EndGlobalSection
	GlobalSection(ProjectConfigurationPlatforms) = postSolution
		{5D5BB634-9687-4D4E-89D4-F299B825F231}.Debug|Any CPU.ActiveCfg = Debug|Any CPU
		{5D5BB634-9687-4D4E-89D4-F299B825F231}.Debug|Any CPU.Build.0 = Debug|Any CPU
		{5D5BB634-9687-4D4E-89D4-F299B825F231}.Release|Any CPU.ActiveCfg = Release|Any CPU
		{5D5BB634-9687-4D4E-89D4-F299B825F231}.Release|Any CPU.Build.0 = Release|Any CPU
		{4C5B08B6-1BCA-46D9-A95A-736AC2DC32DD}.Debug|Any CPU.ActiveCfg = Debug|Any CPU
		{4C5B08B6-1BCA-46D9-A95A-736AC2DC32DD}.Debug|Any CPU.Build.0 = Debug|Any CPU
		{4C5B08B6-1BCA-46D9-A95A-736AC2DC32DD}.Release|Any CPU.ActiveCfg = Release|Any CPU
		{4C5B08B6-1BCA-46D9-A95A-736AC2DC32DD}.Release|Any CPU.Build.0 = Release|Any CPU
		{EAA92DC3-AB9F-461C-8132-A199CD252070}.Debug|Any CPU.ActiveCfg = Debug|Any CPU
		{EAA92DC3-AB9F-461C-8132-A199CD252070}.Debug|Any CPU.Build.0 = Debug|Any CPU
		{EAA92DC3-AB9F-461C-8132-A199CD252070}.Release|Any CPU.ActiveCfg = Release|Any CPU
		{EAA92DC3-AB9F-461C-8132-A199CD252070}.Release|Any CPU.Build.0 = Release|Any CPU
		{97EF4B9B-1F55-4F5B-973F-BFB896FA6536}.Debug|Any CPU.ActiveCfg = Debug|Any CPU
		{97EF4B9B-1F55-4F5B-973F-BFB896FA6536}.Debug|Any CPU.Build.0 = Debug|Any CPU
		{97EF4B9B-1F55-4F5B-973F-BFB896FA6536}.Release|Any CPU.ActiveCfg = Release|Any CPU
		{97EF4B9B-1F55-4F5B-973F-BFB896FA6536}.Release|Any CPU.Build.0 = Release|Any CPU
	EndGlobalSection
	GlobalSection(SolutionProperties) = preSolution
		HideSolutionNode = FALSE
	EndGlobalSection
	GlobalSection(ExtensibilityGlobals) = postSolution
		SolutionGuid = {4F261DFE-52F1-455D-8E46-F9C1F72FE8F4}
	EndGlobalSection
EndGlobal
